
Microsoft Visual Studio Solution File, Format Version 12.00
# Visual Studio Version 17
VisualStudioVersion = 17.4.33122.133
MinimumVisualStudioVersion = 10.0.40219.1
Project("{9A19103F-16F7-4668-BE54-9A1E7A4F7556}") = "ProgramacionCSharp1", "ProgramacionCSharp1\ProgramacionCSharp1.csproj", "{5357EC74-FC87-448F-8412-A078B69F882E}"
EndProject
Project("{9A19103F-16F7-4668-BE54-9A1E7A4F7556}") = "Variables", "Variables\Variables.csproj", "{62D5727D-0A50-49DE-AE32-CD7F412A29ED}"
EndProject
Project("{9A19103F-16F7-4668-BE54-9A1E7A4F7556}") = "Ejercicios4-14", "Ejercicios4-14\Ejercicios4-14.csproj", "{2E6876EB-7514-40AC-B17B-E688252AB12F}"
EndProject
Project("{FAE04EC0-301F-11D3-BF4B-00C04F79EFBC}") = "Condionales", "Condionales\Condionales.csproj", "{72FFB0F7-EA72-4EDC-8706-C7AFC97B50D1}"
EndProject
Project("{FAE04EC0-301F-11D3-BF4B-00C04F79EFBC}") = "Bucles", "Bucles\Bucles.csproj", "{36A05B22-DC0A-4B60-8A3B-E647B689D0D1}"
EndProject
Global
	GlobalSection(SolutionConfigurationPlatforms) = preSolution
		Debug|Any CPU = Debug|Any CPU
		Release|Any CPU = Release|Any CPU
	EndGlobalSection
	GlobalSection(ProjectConfigurationPlatforms) = postSolution
		{5357EC74-FC87-448F-8412-A078B69F882E}.Debug|Any CPU.ActiveCfg = Debug|Any CPU
		{5357EC74-FC87-448F-8412-A078B69F882E}.Debug|Any CPU.Build.0 = Debug|Any CPU
		{5357EC74-FC87-448F-8412-A078B69F882E}.Release|Any CPU.ActiveCfg = Release|Any CPU
		{5357EC74-FC87-448F-8412-A078B69F882E}.Release|Any CPU.Build.0 = Release|Any CPU
		{62D5727D-0A50-49DE-AE32-CD7F412A29ED}.Debug|Any CPU.ActiveCfg = Debug|Any CPU
		{62D5727D-0A50-49DE-AE32-CD7F412A29ED}.Debug|Any CPU.Build.0 = Debug|Any CPU
		{62D5727D-0A50-49DE-AE32-CD7F412A29ED}.Release|Any CPU.ActiveCfg = Release|Any CPU
		{62D5727D-0A50-49DE-AE32-CD7F412A29ED}.Release|Any CPU.Build.0 = Release|Any CPU
		{2E6876EB-7514-40AC-B17B-E688252AB12F}.Debug|Any CPU.ActiveCfg = Debug|Any CPU
		{2E6876EB-7514-40AC-B17B-E688252AB12F}.Debug|Any CPU.Build.0 = Debug|Any CPU
		{2E6876EB-7514-40AC-B17B-E688252AB12F}.Release|Any CPU.ActiveCfg = Release|Any CPU
		{2E6876EB-7514-40AC-B17B-E688252AB12F}.Release|Any CPU.Build.0 = Release|Any CPU
		{72FFB0F7-EA72-4EDC-8706-C7AFC97B50D1}.Debug|Any CPU.ActiveCfg = Debug|Any CPU
		{72FFB0F7-EA72-4EDC-8706-C7AFC97B50D1}.Debug|Any CPU.Build.0 = Debug|Any CPU
		{72FFB0F7-EA72-4EDC-8706-C7AFC97B50D1}.Release|Any CPU.ActiveCfg = Release|Any CPU
		{72FFB0F7-EA72-4EDC-8706-C7AFC97B50D1}.Release|Any CPU.Build.0 = Release|Any CPU
		{36A05B22-DC0A-4B60-8A3B-E647B689D0D1}.Debug|Any CPU.ActiveCfg = Debug|Any CPU
		{36A05B22-DC0A-4B60-8A3B-E647B689D0D1}.Debug|Any CPU.Build.0 = Debug|Any CPU
		{36A05B22-DC0A-4B60-8A3B-E647B689D0D1}.Release|Any CPU.ActiveCfg = Release|Any CPU
		{36A05B22-DC0A-4B60-8A3B-E647B689D0D1}.Release|Any CPU.Build.0 = Release|Any CPU
	EndGlobalSection
	GlobalSection(SolutionProperties) = preSolution
		HideSolutionNode = FALSE
	EndGlobalSection
	GlobalSection(ExtensibilityGlobals) = postSolution
		SolutionGuid = {AC523EE1-4CFF-477E-8D80-5060E2613F85}
	EndGlobalSection
EndGlobal
