
Microsoft Visual Studio Solution File, Format Version 12.00
# Visual Studio Version 17
VisualStudioVersion = 17.4.33122.133
MinimumVisualStudioVersion = 10.0.40219.1
Project("{FAE04EC0-301F-11D3-BF4B-00C04F79EFBC}") = "EjerciciosCSharp", "EjerciciosCSharp\EjerciciosCSharp.csproj", "{E791F1FB-976E-4B60-B1B2-4B4146B8D26E}"
EndProject
Global
	GlobalSection(SolutionConfigurationPlatforms) = preSolution
		Debug|Any CPU = Debug|Any CPU
		Release|Any CPU = Release|Any CPU
	EndGlobalSection
	GlobalSection(ProjectConfigurationPlatforms) = postSolution
		{E791F1FB-976E-4B60-B1B2-4B4146B8D26E}.Debug|Any CPU.ActiveCfg = Debug|Any CPU
		{E791F1FB-976E-4B60-B1B2-4B4146B8D26E}.Debug|Any CPU.Build.0 = Debug|Any CPU
		{E791F1FB-976E-4B60-B1B2-4B4146B8D26E}.Release|Any CPU.ActiveCfg = Release|Any CPU
		{E791F1FB-976E-4B60-B1B2-4B4146B8D26E}.Release|Any CPU.Build.0 = Release|Any CPU
	EndGlobalSection
	GlobalSection(SolutionProperties) = preSolution
		HideSolutionNode = FALSE
	EndGlobalSection
	GlobalSection(ExtensibilityGlobals) = postSolution
		SolutionGuid = {E3AC3B30-3775-42F9-B377-CDDA9811A0E8}
	EndGlobalSection
EndGlobal
